
Microsoft Visual Studio Solution File, Format Version 12.00
# Visual Studio Version 17
VisualStudioVersion = 17.0.31903.59
MinimumVisualStudioVersion = 10.0.40219.1
Project("{FAE04EC0-301F-11D3-BF4B-00C04F79EFBC}") = "ChaosOverlords.App", "ChaosOverlords.App\ChaosOverlords.App.csproj", "{2AEFA298-A917-4F5B-B816-B078861D48E9}"
EndProject
Project("{FAE04EC0-301F-11D3-BF4B-00C04F79EFBC}") = "ChaosOverlords.Core", "ChaosOverlords.Core\ChaosOverlords.Core.csproj", "{67474DD5-554F-4C4E-A8D7-4C759E145BF3}"
EndProject
Project("{FAE04EC0-301F-11D3-BF4B-00C04F79EFBC}") = "ChaosOverlords.Data", "ChaosOverlords.Data\ChaosOverlords.Data.csproj", "{63A2ED59-0313-4A8A-8F87-FE026571C9EA}"
EndProject
Project("{FAE04EC0-301F-11D3-BF4B-00C04F79EFBC}") = "ChaosOverlords.Tests", "ChaosOverlords.Tests\ChaosOverlords.Tests.csproj", "{70799CC6-83FC-4335-B553-2CD63A17D93C}"
EndProject
Global
	GlobalSection(SolutionConfigurationPlatforms) = preSolution
		Debug|Any CPU = Debug|Any CPU
		Debug|x64 = Debug|x64
		Debug|x86 = Debug|x86
		Release|Any CPU = Release|Any CPU
		Release|x64 = Release|x64
		Release|x86 = Release|x86
	EndGlobalSection
	GlobalSection(ProjectConfigurationPlatforms) = postSolution
		{2AEFA298-A917-4F5B-B816-B078861D48E9}.Debug|Any CPU.ActiveCfg = Debug|Any CPU
		{2AEFA298-A917-4F5B-B816-B078861D48E9}.Debug|Any CPU.Build.0 = Debug|Any CPU
		{2AEFA298-A917-4F5B-B816-B078861D48E9}.Debug|x64.ActiveCfg = Debug|Any CPU
		{2AEFA298-A917-4F5B-B816-B078861D48E9}.Debug|x64.Build.0 = Debug|Any CPU
		{2AEFA298-A917-4F5B-B816-B078861D48E9}.Debug|x86.ActiveCfg = Debug|Any CPU
		{2AEFA298-A917-4F5B-B816-B078861D48E9}.Debug|x86.Build.0 = Debug|Any CPU
		{2AEFA298-A917-4F5B-B816-B078861D48E9}.Release|Any CPU.ActiveCfg = Release|Any CPU
		{2AEFA298-A917-4F5B-B816-B078861D48E9}.Release|Any CPU.Build.0 = Release|Any CPU
		{2AEFA298-A917-4F5B-B816-B078861D48E9}.Release|x64.ActiveCfg = Release|Any CPU
		{2AEFA298-A917-4F5B-B816-B078861D48E9}.Release|x64.Build.0 = Release|Any CPU
		{2AEFA298-A917-4F5B-B816-B078861D48E9}.Release|x86.ActiveCfg = Release|Any CPU
		{2AEFA298-A917-4F5B-B816-B078861D48E9}.Release|x86.Build.0 = Release|Any CPU
		{67474DD5-554F-4C4E-A8D7-4C759E145BF3}.Debug|Any CPU.ActiveCfg = Debug|Any CPU
		{67474DD5-554F-4C4E-A8D7-4C759E145BF3}.Debug|Any CPU.Build.0 = Debug|Any CPU
		{67474DD5-554F-4C4E-A8D7-4C759E145BF3}.Debug|x64.ActiveCfg = Debug|Any CPU
		{67474DD5-554F-4C4E-A8D7-4C759E145BF3}.Debug|x64.Build.0 = Debug|Any CPU
		{67474DD5-554F-4C4E-A8D7-4C759E145BF3}.Debug|x86.ActiveCfg = Debug|Any CPU
		{67474DD5-554F-4C4E-A8D7-4C759E145BF3}.Debug|x86.Build.0 = Debug|Any CPU
		{67474DD5-554F-4C4E-A8D7-4C759E145BF3}.Release|Any CPU.ActiveCfg = Release|Any CPU
		{67474DD5-554F-4C4E-A8D7-4C759E145BF3}.Release|Any CPU.Build.0 = Release|Any CPU
		{67474DD5-554F-4C4E-A8D7-4C759E145BF3}.Release|x64.ActiveCfg = Release|Any CPU
		{67474DD5-554F-4C4E-A8D7-4C759E145BF3}.Release|x64.Build.0 = Release|Any CPU
		{67474DD5-554F-4C4E-A8D7-4C759E145BF3}.Release|x86.ActiveCfg = Release|Any CPU
		{67474DD5-554F-4C4E-A8D7-4C759E145BF3}.Release|x86.Build.0 = Release|Any CPU
		{63A2ED59-0313-4A8A-8F87-FE026571C9EA}.Debug|Any CPU.ActiveCfg = Debug|Any CPU
		{63A2ED59-0313-4A8A-8F87-FE026571C9EA}.Debug|Any CPU.Build.0 = Debug|Any CPU
		{63A2ED59-0313-4A8A-8F87-FE026571C9EA}.Debug|x64.ActiveCfg = Debug|Any CPU
		{63A2ED59-0313-4A8A-8F87-FE026571C9EA}.Debug|x64.Build.0 = Debug|Any CPU
		{63A2ED59-0313-4A8A-8F87-FE026571C9EA}.Debug|x86.ActiveCfg = Debug|Any CPU
		{63A2ED59-0313-4A8A-8F87-FE026571C9EA}.Debug|x86.Build.0 = Debug|Any CPU
		{63A2ED59-0313-4A8A-8F87-FE026571C9EA}.Release|Any CPU.ActiveCfg = Release|Any CPU
		{63A2ED59-0313-4A8A-8F87-FE026571C9EA}.Release|Any CPU.Build.0 = Release|Any CPU
		{63A2ED59-0313-4A8A-8F87-FE026571C9EA}.Release|x64.ActiveCfg = Release|Any CPU
		{63A2ED59-0313-4A8A-8F87-FE026571C9EA}.Release|x64.Build.0 = Release|Any CPU
		{63A2ED59-0313-4A8A-8F87-FE026571C9EA}.Release|x86.ActiveCfg = Release|Any CPU
		{63A2ED59-0313-4A8A-8F87-FE026571C9EA}.Release|x86.Build.0 = Release|Any CPU
		{70799CC6-83FC-4335-B553-2CD63A17D93C}.Debug|Any CPU.ActiveCfg = Debug|Any CPU
		{70799CC6-83FC-4335-B553-2CD63A17D93C}.Debug|Any CPU.Build.0 = Debug|Any CPU
		{70799CC6-83FC-4335-B553-2CD63A17D93C}.Debug|x64.ActiveCfg = Debug|Any CPU
		{70799CC6-83FC-4335-B553-2CD63A17D93C}.Debug|x64.Build.0 = Debug|Any CPU
		{70799CC6-83FC-4335-B553-2CD63A17D93C}.Debug|x86.ActiveCfg = Debug|Any CPU
		{70799CC6-83FC-4335-B553-2CD63A17D93C}.Debug|x86.Build.0 = Debug|Any CPU
		{70799CC6-83FC-4335-B553-2CD63A17D93C}.Release|Any CPU.ActiveCfg = Release|Any CPU
		{70799CC6-83FC-4335-B553-2CD63A17D93C}.Release|Any CPU.Build.0 = Release|Any CPU
		{70799CC6-83FC-4335-B553-2CD63A17D93C}.Release|x64.ActiveCfg = Release|Any CPU
		{70799CC6-83FC-4335-B553-2CD63A17D93C}.Release|x64.Build.0 = Release|Any CPU
		{70799CC6-83FC-4335-B553-2CD63A17D93C}.Release|x86.ActiveCfg = Release|Any CPU
		{70799CC6-83FC-4335-B553-2CD63A17D93C}.Release|x86.Build.0 = Release|Any CPU
	EndGlobalSection
	GlobalSection(SolutionProperties) = preSolution
		HideSolutionNode = FALSE
	EndGlobalSection
EndGlobal
